// !$*UTF8*$!
{
	archiveVersion = 1;
	classes = {
	};
	objectVersion = 46;
	objects = {

/* Begin PBXBuildFile section */
		63FFA982196ED265003B30B3 /* Foundation.framework in Frameworks */ = {isa = PBXBuildFile; fileRef = 63FFA981196ED265003B30B3 /* Foundation.framework */; };
		63FFA984196ED265003B30B3 /* CoreGraphics.framework in Frameworks */ = {isa = PBXBuildFile; fileRef = 63FFA983196ED265003B30B3 /* CoreGraphics.framework */; };
		63FFA986196ED265003B30B3 /* UIKit.framework in Frameworks */ = {isa = PBXBuildFile; fileRef = 63FFA985196ED265003B30B3 /* UIKit.framework */; };
		63FFA98C196ED265003B30B3 /* InfoPlist.strings in Resources */ = {isa = PBXBuildFile; fileRef = 63FFA98A196ED265003B30B3 /* InfoPlist.strings */; };
		63FFA98E196ED265003B30B3 /* main.m in Sources */ = {isa = PBXBuildFile; fileRef = 63FFA98D196ED265003B30B3 /* main.m */; };
		63FFA992196ED265003B30B3 /* SPAppDelegate.m in Sources */ = {isa = PBXBuildFile; fileRef = 63FFA991196ED265003B30B3 /* SPAppDelegate.m */; };
		63FFA994196ED265003B30B3 /* Images.xcassets in Resources */ = {isa = PBXBuildFile; fileRef = 63FFA993196ED265003B30B3 /* Images.xcassets */; };
		63FFA99B196ED265003B30B3 /* XCTest.framework in Frameworks */ = {isa = PBXBuildFile; fileRef = 63FFA99A196ED265003B30B3 /* XCTest.framework */; };
		63FFA99C196ED265003B30B3 /* Foundation.framework in Frameworks */ = {isa = PBXBuildFile; fileRef = 63FFA981196ED265003B30B3 /* Foundation.framework */; };
		63FFA99D196ED265003B30B3 /* UIKit.framework in Frameworks */ = {isa = PBXBuildFile; fileRef = 63FFA985196ED265003B30B3 /* UIKit.framework */; };
		63FFA9A5196ED265003B30B3 /* InfoPlist.strings in Resources */ = {isa = PBXBuildFile; fileRef = 63FFA9A3196ED265003B30B3 /* InfoPlist.strings */; };
		63FFA9A7196ED265003B30B3 /* SPCustomActivityIndicatorTests.m in Sources */ = {isa = PBXBuildFile; fileRef = 63FFA9A6196ED265003B30B3 /* SPCustomActivityIndicatorTests.m */; };
		63FFA9B1196ED279003B30B3 /* Main.storyboard in Resources */ = {isa = PBXBuildFile; fileRef = 63FFA9B0196ED279003B30B3 /* Main.storyboard */; };
		63FFA9B4196ED2D2003B30B3 /* SPTestViewController.m in Sources */ = {isa = PBXBuildFile; fileRef = 63FFA9B3196ED2D2003B30B3 /* SPTestViewController.m */; };
		63FFA9B7196ED2EB003B30B3 /* SPCustomAcitivityIndicator.m in Sources */ = {isa = PBXBuildFile; fileRef = 63FFA9B6196ED2EB003B30B3 /* SPCustomAcitivityIndicator.m */; };
/* End PBXBuildFile section */

/* Begin PBXContainerItemProxy section */
		63FFA99E196ED265003B30B3 /* PBXContainerItemProxy */ = {
			isa = PBXContainerItemProxy;
			containerPortal = 63FFA976196ED265003B30B3 /* Project object */;
			proxyType = 1;
			remoteGlobalIDString = 63FFA97D196ED265003B30B3;
			remoteInfo = SPCustomActivityIndicator;
		};
/* End PBXContainerItemProxy section */

/* Begin PBXFileReference section */
		63FFA97E196ED265003B30B3 /* SPCustomActivityIndicator.app */ = {isa = PBXFileReference; explicitFileType = wrapper.application; includeInIndex = 0; path = SPCustomActivityIndicator.app; sourceTree = BUILT_PRODUCTS_DIR; };
		63FFA981196ED265003B30B3 /* Foundation.framework */ = {isa = PBXFileReference; lastKnownFileType = wrapper.framework; name = Foundation.framework; path = System/Library/Frameworks/Foundation.framework; sourceTree = SDKROOT; };
		63FFA983196ED265003B30B3 /* CoreGraphics.framework */ = {isa = PBXFileReference; lastKnownFileType = wrapper.framework; name = CoreGraphics.framework; path = System/Library/Frameworks/CoreGraphics.framework; sourceTree = SDKROOT; };
		63FFA985196ED265003B30B3 /* UIKit.framework */ = {isa = PBXFileReference; lastKnownFileType = wrapper.framework; name = UIKit.framework; path = System/Library/Frameworks/UIKit.framework; sourceTree = SDKROOT; };
		63FFA989196ED265003B30B3 /* SPCustomActivityIndicator-Info.plist */ = {isa = PBXFileReference; lastKnownFileType = text.plist.xml; path = "SPCustomActivityIndicator-Info.plist"; sourceTree = "<group>"; };
		63FFA98B196ED265003B30B3 /* en */ = {isa = PBXFileReference; lastKnownFileType = text.plist.strings; name = en; path = en.lproj/InfoPlist.strings; sourceTree = "<group>"; };
		63FFA98D196ED265003B30B3 /* main.m */ = {isa = PBXFileReference; lastKnownFileType = sourcecode.c.objc; path = main.m; sourceTree = "<group>"; };
		63FFA98F196ED265003B30B3 /* SPCustomActivityIndicator-Prefix.pch */ = {isa = PBXFileReference; lastKnownFileType = sourcecode.c.h; path = "SPCustomActivityIndicator-Prefix.pch"; sourceTree = "<group>"; };
		63FFA990196ED265003B30B3 /* SPAppDelegate.h */ = {isa = PBXFileReference; lastKnownFileType = sourcecode.c.h; path = SPAppDelegate.h; sourceTree = "<group>"; };
		63FFA991196ED265003B30B3 /* SPAppDelegate.m */ = {isa = PBXFileReference; lastKnownFileType = sourcecode.c.objc; path = SPAppDelegate.m; sourceTree = "<group>"; };
		63FFA993196ED265003B30B3 /* Images.xcassets */ = {isa = PBXFileReference; lastKnownFileType = folder.assetcatalog; path = Images.xcassets; sourceTree = "<group>"; };
		63FFA999196ED265003B30B3 /* SPCustomActivityIndicatorTests.xctest */ = {isa = PBXFileReference; explicitFileType = wrapper.cfbundle; includeInIndex = 0; path = SPCustomActivityIndicatorTests.xctest; sourceTree = BUILT_PRODUCTS_DIR; };
		63FFA99A196ED265003B30B3 /* XCTest.framework */ = {isa = PBXFileReference; lastKnownFileType = wrapper.framework; name = XCTest.framework; path = Library/Frameworks/XCTest.framework; sourceTree = DEVELOPER_DIR; };
		63FFA9A2196ED265003B30B3 /* SPCustomActivityIndicatorTests-Info.plist */ = {isa = PBXFileReference; lastKnownFileType = text.plist.xml; path = "SPCustomActivityIndicatorTests-Info.plist"; sourceTree = "<group>"; };
		63FFA9A4196ED265003B30B3 /* en */ = {isa = PBXFileReference; lastKnownFileType = text.plist.strings; name = en; path = en.lproj/InfoPlist.strings; sourceTree = "<group>"; };
		63FFA9A6196ED265003B30B3 /* SPCustomActivityIndicatorTests.m */ = {isa = PBXFileReference; lastKnownFileType = sourcecode.c.objc; path = SPCustomActivityIndicatorTests.m; sourceTree = "<group>"; };
		63FFA9B0196ED279003B30B3 /* Main.storyboard */ = {isa = PBXFileReference; fileEncoding = 4; lastKnownFileType = file.storyboard; path = Main.storyboard; sourceTree = "<group>"; };
		63FFA9B2196ED2D2003B30B3 /* SPTestViewController.h */ = {isa = PBXFileReference; fileEncoding = 4; lastKnownFileType = sourcecode.c.h; path = SPTestViewController.h; sourceTree = "<group>"; };
		63FFA9B3196ED2D2003B30B3 /* SPTestViewController.m */ = {isa = PBXFileReference; fileEncoding = 4; lastKnownFileType = sourcecode.c.objc; path = SPTestViewController.m; sourceTree = "<group>"; };
		63FFA9B5196ED2EB003B30B3 /* SPCustomAcitivityIndicator.h */ = {isa = PBXFileReference; fileEncoding = 4; lastKnownFileType = sourcecode.c.h; path = SPCustomAcitivityIndicator.h; sourceTree = "<group>"; };
		63FFA9B6196ED2EB003B30B3 /* SPCustomAcitivityIndicator.m */ = {isa = PBXFileReference; fileEncoding = 4; lastKnownFileType = sourcecode.c.objc; path = SPCustomAcitivityIndicator.m; sourceTree = "<group>"; };
/* End PBXFileReference section */

/* Begin PBXFrameworksBuildPhase section */
		63FFA97B196ED265003B30B3 /* Frameworks */ = {
			isa = PBXFrameworksBuildPhase;
			buildActionMask = 2147483647;
			files = (
				63FFA984196ED265003B30B3 /* CoreGraphics.framework in Frameworks */,
				63FFA986196ED265003B30B3 /* UIKit.framework in Frameworks */,
				63FFA982196ED265003B30B3 /* Foundation.framework in Frameworks */,
			);
			runOnlyForDeploymentPostprocessing = 0;
		};
		63FFA996196ED265003B30B3 /* Frameworks */ = {
			isa = PBXFrameworksBuildPhase;
			buildActionMask = 2147483647;
			files = (
				63FFA99B196ED265003B30B3 /* XCTest.framework in Frameworks */,
				63FFA99D196ED265003B30B3 /* UIKit.framework in Frameworks */,
				63FFA99C196ED265003B30B3 /* Foundation.framework in Frameworks */,
			);
			runOnlyForDeploymentPostprocessing = 0;
		};
/* End PBXFrameworksBuildPhase section */

/* Begin PBXGroup section */
		63FFA975196ED265003B30B3 = {
			isa = PBXGroup;
			children = (
				63FFA987196ED265003B30B3 /* SPCustomActivityIndicator */,
				63FFA9A0196ED265003B30B3 /* SPCustomActivityIndicatorTests */,
				63FFA980196ED265003B30B3 /* Frameworks */,
				63FFA97F196ED265003B30B3 /* Products */,
			);
			sourceTree = "<group>";
		};
		63FFA97F196ED265003B30B3 /* Products */ = {
			isa = PBXGroup;
			children = (
				63FFA97E196ED265003B30B3 /* SPCustomActivityIndicator.app */,
				63FFA999196ED265003B30B3 /* SPCustomActivityIndicatorTests.xctest */,
			);
			name = Products;
			sourceTree = "<group>";
		};
		63FFA980196ED265003B30B3 /* Frameworks */ = {
			isa = PBXGroup;
			children = (
				63FFA981196ED265003B30B3 /* Foundation.framework */,
				63FFA983196ED265003B30B3 /* CoreGraphics.framework */,
				63FFA985196ED265003B30B3 /* UIKit.framework */,
				63FFA99A196ED265003B30B3 /* XCTest.framework */,
			);
			name = Frameworks;
			sourceTree = "<group>";
		};
		63FFA987196ED265003B30B3 /* SPCustomActivityIndicator */ = {
			isa = PBXGroup;
			children = (
				63FFA9B5196ED2EB003B30B3 /* SPCustomAcitivityIndicator.h */,
				63FFA9B6196ED2EB003B30B3 /* SPCustomAcitivityIndicator.m */,
				63FFA990196ED265003B30B3 /* SPAppDelegate.h */,
				63FFA991196ED265003B30B3 /* SPAppDelegate.m */,
				63FFA993196ED265003B30B3 /* Images.xcassets */,
				63FFA988196ED265003B30B3 /* Supporting Files */,
				63FFA9B0196ED279003B30B3 /* Main.storyboard */,
				63FFA9B2196ED2D2003B30B3 /* SPTestViewController.h */,
				63FFA9B3196ED2D2003B30B3 /* SPTestViewController.m */,
			);
			path = SPCustomActivityIndicator;
			sourceTree = "<group>";
		};
		63FFA988196ED265003B30B3 /* Supporting Files */ = {
			isa = PBXGroup;
			children = (
				63FFA989196ED265003B30B3 /* SPCustomActivityIndicator-Info.plist */,
				63FFA98A196ED265003B30B3 /* InfoPlist.strings */,
				63FFA98D196ED265003B30B3 /* main.m */,
				63FFA98F196ED265003B30B3 /* SPCustomActivityIndicator-Prefix.pch */,
			);
			name = "Supporting Files";
			sourceTree = "<group>";
		};
		63FFA9A0196ED265003B30B3 /* SPCustomActivityIndicatorTests */ = {
			isa = PBXGroup;
			children = (
				63FFA9A6196ED265003B30B3 /* SPCustomActivityIndicatorTests.m */,
				63FFA9A1196ED265003B30B3 /* Supporting Files */,
			);
			path = SPCustomActivityIndicatorTests;
			sourceTree = "<group>";
		};
		63FFA9A1196ED265003B30B3 /* Supporting Files */ = {
			isa = PBXGroup;
			children = (
				63FFA9A2196ED265003B30B3 /* SPCustomActivityIndicatorTests-Info.plist */,
				63FFA9A3196ED265003B30B3 /* InfoPlist.strings */,
			);
			name = "Supporting Files";
			sourceTree = "<group>";
		};
/* End PBXGroup section */

/* Begin PBXNativeTarget section */
		63FFA97D196ED265003B30B3 /* SPCustomActivityIndicator */ = {
			isa = PBXNativeTarget;
			buildConfigurationList = 63FFA9AA196ED265003B30B3 /* Build configuration list for PBXNativeTarget "SPCustomActivityIndicator" */;
			buildPhases = (
				63FFA97A196ED265003B30B3 /* Sources */,
				63FFA97B196ED265003B30B3 /* Frameworks */,
				63FFA97C196ED265003B30B3 /* Resources */,
			);
			buildRules = (
			);
			dependencies = (
			);
			name = SPCustomActivityIndicator;
			productName = SPCustomActivityIndicator;
			productReference = 63FFA97E196ED265003B30B3 /* SPCustomActivityIndicator.app */;
			productType = "com.apple.product-type.application";
		};
		63FFA998196ED265003B30B3 /* SPCustomActivityIndicatorTests */ = {
			isa = PBXNativeTarget;
			buildConfigurationList = 63FFA9AD196ED265003B30B3 /* Build configuration list for PBXNativeTarget "SPCustomActivityIndicatorTests" */;
			buildPhases = (
				63FFA995196ED265003B30B3 /* Sources */,
				63FFA996196ED265003B30B3 /* Frameworks */,
				63FFA997196ED265003B30B3 /* Resources */,
			);
			buildRules = (
			);
			dependencies = (
				63FFA99F196ED265003B30B3 /* PBXTargetDependency */,
			);
			name = SPCustomActivityIndicatorTests;
			productName = SPCustomActivityIndicatorTests;
			productReference = 63FFA999196ED265003B30B3 /* SPCustomActivityIndicatorTests.xctest */;
			productType = "com.apple.product-type.bundle.unit-test";
		};
/* End PBXNativeTarget section */

/* Begin PBXProject section */
		63FFA976196ED265003B30B3 /* Project object */ = {
			isa = PBXProject;
			attributes = {
				CLASSPREFIX = SP;
				LastUpgradeCheck = 0510;
				ORGANIZATIONNAME = massinteractiveserviceslimited;
				TargetAttributes = {
					63FFA998196ED265003B30B3 = {
						TestTargetID = 63FFA97D196ED265003B30B3;
					};
				};
			};
			buildConfigurationList = 63FFA979196ED265003B30B3 /* Build configuration list for PBXProject "SPCustomActivityIndicator" */;
			compatibilityVersion = "Xcode 3.2";
			developmentRegion = English;
			hasScannedForEncodings = 0;
			knownRegions = (
				en,
			);
			mainGroup = 63FFA975196ED265003B30B3;
			productRefGroup = 63FFA97F196ED265003B30B3 /* Products */;
			projectDirPath = "";
			projectRoot = "";
			targets = (
				63FFA97D196ED265003B30B3 /* SPCustomActivityIndicator */,
				63FFA998196ED265003B30B3 /* SPCustomActivityIndicatorTests */,
			);
		};
/* End PBXProject section */

/* Begin PBXResourcesBuildPhase section */
		63FFA97C196ED265003B30B3 /* Resources */ = {
			isa = PBXResourcesBuildPhase;
			buildActionMask = 2147483647;
			files = (
				63FFA9B1196ED279003B30B3 /* Main.storyboard in Resources */,
				63FFA98C196ED265003B30B3 /* InfoPlist.strings in Resources */,
				63FFA994196ED265003B30B3 /* Images.xcassets in Resources */,
			);
			runOnlyForDeploymentPostprocessing = 0;
		};
		63FFA997196ED265003B30B3 /* Resources */ = {
			isa = PBXResourcesBuildPhase;
			buildActionMask = 2147483647;
			files = (
				63FFA9A5196ED265003B30B3 /* InfoPlist.strings in Resources */,
			);
			runOnlyForDeploymentPostprocessing = 0;
		};
/* End PBXResourcesBuildPhase section */

/* Begin PBXSourcesBuildPhase section */
		63FFA97A196ED265003B30B3 /* Sources */ = {
			isa = PBXSourcesBuildPhase;
			buildActionMask = 2147483647;
			files = (
				63FFA9B7196ED2EB003B30B3 /* SPCustomAcitivityIndicator.m in Sources */,
				63FFA98E196ED265003B30B3 /* main.m in Sources */,
				63FFA992196ED265003B30B3 /* SPAppDelegate.m in Sources */,
				63FFA9B4196ED2D2003B30B3 /* SPTestViewController.m in Sources */,
			);
			runOnlyForDeploymentPostprocessing = 0;
		};
		63FFA995196ED265003B30B3 /* Sources */ = {
			isa = PBXSourcesBuildPhase;
			buildActionMask = 2147483647;
			files = (
				63FFA9A7196ED265003B30B3 /* SPCustomActivityIndicatorTests.m in Sources */,
			);
			runOnlyForDeploymentPostprocessing = 0;
		};
/* End PBXSourcesBuildPhase section */

/* Begin PBXTargetDependency section */
		63FFA99F196ED265003B30B3 /* PBXTargetDependency */ = {
			isa = PBXTargetDependency;
			target = 63FFA97D196ED265003B30B3 /* SPCustomActivityIndicator */;
			targetProxy = 63FFA99E196ED265003B30B3 /* PBXContainerItemProxy */;
		};
/* End PBXTargetDependency section */

/* Begin PBXVariantGroup section */
		63FFA98A196ED265003B30B3 /* InfoPlist.strings */ = {
			isa = PBXVariantGroup;
			children = (
				63FFA98B196ED265003B30B3 /* en */,
			);
			name = InfoPlist.strings;
			sourceTree = "<group>";
		};
		63FFA9A3196ED265003B30B3 /* InfoPlist.strings */ = {
			isa = PBXVariantGroup;
			children = (
				63FFA9A4196ED265003B30B3 /* en */,
			);
			name = InfoPlist.strings;
			sourceTree = "<group>";
		};
/* End PBXVariantGroup section */

/* Begin XCBuildConfiguration section */
		63FFA9A8196ED265003B30B3 /* Debug */ = {
			isa = XCBuildConfiguration;
			buildSettings = {
				ALWAYS_SEARCH_USER_PATHS = NO;
				CLANG_CXX_LANGUAGE_STANDARD = "gnu++0x";
				CLANG_CXX_LIBRARY = "libc++";
				CLANG_ENABLE_MODULES = YES;
				CLANG_ENABLE_OBJC_ARC = YES;
				CLANG_WARN_BOOL_CONVERSION = YES;
				CLANG_WARN_CONSTANT_CONVERSION = YES;
				CLANG_WARN_DIRECT_OBJC_ISA_USAGE = YES_ERROR;
				CLANG_WARN_EMPTY_BODY = YES;
				CLANG_WARN_ENUM_CONVERSION = YES;
				CLANG_WARN_INT_CONVERSION = YES;
				CLANG_WARN_OBJC_ROOT_CLASS = YES_ERROR;
				CLANG_WARN__DUPLICATE_METHOD_MATCH = YES;
				"CODE_SIGN_IDENTITY[sdk=iphoneos*]" = "iPhone Developer";
				COPY_PHASE_STRIP = NO;
				GCC_C_LANGUAGE_STANDARD = gnu99;
				GCC_DYNAMIC_NO_PIC = NO;
				GCC_OPTIMIZATION_LEVEL = 0;
				GCC_PREPROCESSOR_DEFINITIONS = (
					"DEBUG=1",
					"$(inherited)",
				);
				GCC_SYMBOLS_PRIVATE_EXTERN = NO;
				GCC_WARN_64_TO_32_BIT_CONVERSION = YES;
				GCC_WARN_ABOUT_RETURN_TYPE = YES_ERROR;
				GCC_WARN_UNDECLARED_SELECTOR = YES;
				GCC_WARN_UNINITIALIZED_AUTOS = YES_AGGRESSIVE;
				GCC_WARN_UNUSED_FUNCTION = YES;
				GCC_WARN_UNUSED_VARIABLE = YES;
				IPHONEOS_DEPLOYMENT_TARGET = 7.1;
				ONLY_ACTIVE_ARCH = YES;
				SDKROOT = iphoneos;
			};
			name = Debug;
		};
		63FFA9A9196ED265003B30B3 /* Release */ = {
			isa = XCBuildConfiguration;
			buildSettings = {
				ALWAYS_SEARCH_USER_PATHS = NO;
				CLANG_CXX_LANGUAGE_STANDARD = "gnu++0x";
				CLANG_CXX_LIBRARY = "libc++";
				CLANG_ENABLE_MODULES = YES;
				CLANG_ENABLE_OBJC_ARC = YES;
				CLANG_WARN_BOOL_CONVERSION = YES;
				CLANG_WARN_CONSTANT_CONVERSION = YES;
				CLANG_WARN_DIRECT_OBJC_ISA_USAGE = YES_ERROR;
				CLANG_WARN_EMPTY_BODY = YES;
				CLANG_WARN_ENUM_CONVERSION = YES;
				CLANG_WARN_INT_CONVERSION = YES;
				CLANG_WARN_OBJC_ROOT_CLASS = YES_ERROR;
				CLANG_WARN__DUPLICATE_METHOD_MATCH = YES;
				"CODE_SIGN_IDENTITY[sdk=iphoneos*]" = "iPhone Developer";
				COPY_PHASE_STRIP = YES;
				ENABLE_NS_ASSERTIONS = NO;
				GCC_C_LANGUAGE_STANDARD = gnu99;
				GCC_WARN_64_TO_32_BIT_CONVERSION = YES;
				GCC_WARN_ABOUT_RETURN_TYPE = YES_ERROR;
				GCC_WARN_UNDECLARED_SELECTOR = YES;
				GCC_WARN_UNINITIALIZED_AUTOS = YES_AGGRESSIVE;
				GCC_WARN_UNUSED_FUNCTION = YES;
				GCC_WARN_UNUSED_VARIABLE = YES;
				IPHONEOS_DEPLOYMENT_TARGET = 7.1;
				SDKROOT = iphoneos;
				VALIDATE_PRODUCT = YES;
			};
			name = Release;
		};
		63FFA9AB196ED265003B30B3 /* Debug */ = {
			isa = XCBuildConfiguration;
			buildSettings = {
				ASSETCATALOG_COMPILER_APPICON_NAME = AppIcon;
				ASSETCATALOG_COMPILER_LAUNCHIMAGE_NAME = LaunchImage;
				GCC_PRECOMPILE_PREFIX_HEADER = YES;
				GCC_PREFIX_HEADER = "SPCustomActivityIndicator/SPCustomActivityIndicator-Prefix.pch";
				INFOPLIST_FILE = "SPCustomActivityIndicator/SPCustomActivityIndicator-Info.plist";
				PRODUCT_NAME = "$(TARGET_NAME)";
				WRAPPER_EXTENSION = app;
			};
			name = Debug;
		};
		63FFA9AC196ED265003B30B3 /* Release */ = {
			isa = XCBuildConfiguration;
			buildSettings = {
				ASSETCATALOG_COMPILER_APPICON_NAME = AppIcon;
				ASSETCATALOG_COMPILER_LAUNCHIMAGE_NAME = LaunchImage;
				GCC_PRECOMPILE_PREFIX_HEADER = YES;
				GCC_PREFIX_HEADER = "SPCustomActivityIndicator/SPCustomActivityIndicator-Prefix.pch";
				INFOPLIST_FILE = "SPCustomActivityIndicator/SPCustomActivityIndicator-Info.plist";
				PRODUCT_NAME = "$(TARGET_NAME)";
				WRAPPER_EXTENSION = app;
			};
			name = Release;
		};
		63FFA9AE196ED265003B30B3 /* Debug */ = {
			isa = XCBuildConfiguration;
			buildSettings = {
				BUNDLE_LOADER = "$(BUILT_PRODUCTS_DIR)/SPCustomActivityIndicator.app/SPCustomActivityIndicator";
				FRAMEWORK_SEARCH_PATHS = (
					"$(SDKROOT)/Developer/Library/Frameworks",
					"$(inherited)",
					"$(DEVELOPER_FRAMEWORKS_DIR)",
				);
				GCC_PRECOMPILE_PREFIX_HEADER = YES;
				GCC_PREFIX_HEADER = "SPCustomActivityIndicator/SPCustomActivityIndicator-Prefix.pch";
				GCC_PREPROCESSOR_DEFINITIONS = (
					"DEBUG=1",
					"$(inherited)",
				);
				INFOPLIST_FILE = "SPCustomActivityIndicatorTests/SPCustomActivityIndicatorTests-Info.plist";
				PRODUCT_NAME = "$(TARGET_NAME)";
				TEST_HOST = "$(BUNDLE_LOADER)";
				WRAPPER_EXTENSION = xctest;
			};
			name = Debug;
		};
		63FFA9AF196ED265003B30B3 /* Release */ = {
			isa = XCBuildConfiguration;
			buildSettings = {
				BUNDLE_LOADER = "$(BUILT_PRODUCTS_DIR)/SPCustomActivityIndicator.app/SPCustomActivityIndicator";
				FRAMEWORK_SEARCH_PATHS = (
					"$(SDKROOT)/Developer/Library/Frameworks",
					"$(inherited)",
					"$(DEVELOPER_FRAMEWORKS_DIR)",
				);
				GCC_PRECOMPILE_PREFIX_HEADER = YES;
				GCC_PREFIX_HEADER = "SPCustomActivityIndicator/SPCustomActivityIndicator-Prefix.pch";
				INFOPLIST_FILE = "SPCustomActivityIndicatorTests/SPCustomActivityIndicatorTests-Info.plist";
				PRODUCT_NAME = "$(TARGET_NAME)";
				TEST_HOST = "$(BUNDLE_LOADER)";
				WRAPPER_EXTENSION = xctest;
			};
			name = Release;
		};
/* End XCBuildConfiguration section */

/* Begin XCConfigurationList section */
		63FFA979196ED265003B30B3 /* Build configuration list for PBXProject "SPCustomActivityIndicator" */ = {
			isa = XCConfigurationList;
			buildConfigurations = (
				63FFA9A8196ED265003B30B3 /* Debug */,
				63FFA9A9196ED265003B30B3 /* Release */,
			);
			defaultConfigurationIsVisible = 0;
			defaultConfigurationName = Release;
		};
		63FFA9AA196ED265003B30B3 /* Build configuration list for PBXNativeTarget "SPCustomActivityIndicator" */ = {
			isa = XCConfigurationList;
			buildConfigurations = (
				63FFA9AB196ED265003B30B3 /* Debug */,
				63FFA9AC196ED265003B30B3 /* Release */,
			);
			defaultConfigurationIsVisible = 0;
		};
		63FFA9AD196ED265003B30B3 /* Build configuration list for PBXNativeTarget "SPCustomActivityIndicatorTests" */ = {
			isa = XCConfigurationList;
			buildConfigurations = (
				63FFA9AE196ED265003B30B3 /* Debug */,
				63FFA9AF196ED265003B30B3 /* Release */,
			);
			defaultConfigurationIsVisible = 0;
		};
/* End XCConfigurationList section */
	};
	rootObject = 63FFA976196ED265003B30B3 /* Project object */;
}
